<?xml version="1.0" encoding="utf-8"?>
<Project ToolsVersion="4.0" xmlns="http://schemas.microsoft.com/developer/msbuild/2003">
  <ItemGroup>
    <Filter Include="Default">
      <UniqueIdentifier>{bb9c1a84-02e4-4925-ae10-1d5e35064fa1}</UniqueIdentifier>
    </Filter>
    <Filter Include="Scripts">
      <UniqueIdentifier>{5635ebb1-4479-451e-84a6-c483109228d9}</UniqueIdentifier>
    </Filter>
  </ItemGroup>
  <ItemGroup>
    <ClInclude Include="framework.h">
      <Filter>Default</Filter>
    </ClInclude>
    <ClInclude Include="pch.h">
      <Filter>Default</Filter>
    </ClInclude>
    <ClInclude Include="TestLevel.h" />
    <ClInclude Include="CScriptInit.h" />
    <ClInclude Include="TriggerFunc.h" />
    <ClInclude Include="States\MainTitle_Bg_State_Start.h" />
    <ClInclude Include="States\MainTitle_Bg_State_Loop.h" />
    <ClInclude Include="Scripts\MainTitleBgScript.h" />
    <ClInclude Include="Scripts\MainTitle_StartBtn_Script.h" />
    <ClInclude Include="States\Player_State_Idle.h" />
    <ClInclude Include="States\Player_State_Run.h" />
    <ClInclude Include="States\Player_State_Jump.h" />
    <ClInclude Include="Scripts\PlayerScript.h" />
    <ClInclude Include="States\Player_State_Climb.h" />
    <ClInclude Include="Scripts\PlayerCamScript.h" />
    <ClInclude Include="States\Player_State_Shoot.h" />
    <ClInclude Include="States\Player_State_Swing.h" />
  </ItemGroup>
  <ItemGroup>
    <ClCompile Include="pch.cpp">
      <Filter>Default</Filter>
    </ClCompile>
    <ClCompile Include="TestLevel.cpp" />
    <ClCompile Include="CScriptInit.cpp" />
    <ClCompile Include="TriggerFunc.cpp" />
    <ClCompile Include="States\MainTitle_Bg_State_Start.cpp" />
    <ClCompile Include="States\MainTitle_Bg_State_Loop.cpp" />
    <ClCompile Include="Scripts\MainTitleBgScript.cpp" />
    <ClCompile Include="Scripts\MainTitle_StartBtn_Script.cpp" />
    <ClCompile Include="States\Player_State_Idle.cpp" />
    <ClCompile Include="States\Player_State_Run.cpp" />
    <ClCompile Include="States\Player_State_Jump.cpp" />
    <ClCompile Include="Scripts\PlayerScript.cpp" />
    <ClCompile Include="States\Player_State_Climb.cpp" />
    <ClCompile Include="Scripts\PlayerCamScript.cpp" />
    <ClCompile Include="States\Player_State_Shoot.cpp" />
    <ClCompile Include="States\Player_State_Swing.cpp" />
  </ItemGroup>
</Project>